
Microsoft Visual Studio Solution File, Format Version 12.00
# Visual Studio Version 16
VisualStudioVersion = 16.0.30907.101
MinimumVisualStudioVersion = 10.0.40219.1
Project("{FAE04EC0-301F-11D3-BF4B-00C04F79EFBC}") = "TeamTrooper", "TeamTrooper\TeamTrooper.csproj", "{5F85530E-945A-4ECE-8201-1F10B8AA1B79}"
EndProject
Global
	GlobalSection(SolutionConfigurationPlatforms) = preSolution
		Debug|Any CPU = Debug|Any CPU
		Release|Any CPU = Release|Any CPU
	EndGlobalSection
	GlobalSection(ProjectConfigurationPlatforms) = postSolution
		{5F85530E-945A-4ECE-8201-1F10B8AA1B79}.Debug|Any CPU.ActiveCfg = Debug|Any CPU
		{5F85530E-945A-4ECE-8201-1F10B8AA1B79}.Debug|Any CPU.Build.0 = Debug|Any CPU
		{5F85530E-945A-4ECE-8201-1F10B8AA1B79}.Release|Any CPU.ActiveCfg = Release|Any CPU
		{5F85530E-945A-4ECE-8201-1F10B8AA1B79}.Release|Any CPU.Build.0 = Release|Any CPU
	EndGlobalSection
	GlobalSection(SolutionProperties) = preSolution
		HideSolutionNode = FALSE
	EndGlobalSection
	GlobalSection(ExtensibilityGlobals) = postSolution
		SolutionGuid = {BFF4E85F-6D68-4F22-AB88-4174EF3DECD5}
	EndGlobalSection
EndGlobal
