
Microsoft Visual Studio Solution File, Format Version 12.00
# Visual Studio Version 17
VisualStudioVersion = 17.1.32228.430
MinimumVisualStudioVersion = 10.0.40219.1
Project("{FAE04EC0-301F-11D3-BF4B-00C04F79EFBC}") = "NetworkFileShareTest", "NetworkFileShareTest\NetworkFileShareTest.csproj", "{ADB6FC1E-5DD4-4418-A0B7-B1E0A45A67BA}"
EndProject
Global
	GlobalSection(SolutionConfigurationPlatforms) = preSolution
		Debug|Any CPU = Debug|Any CPU
		Release|Any CPU = Release|Any CPU
	EndGlobalSection
	GlobalSection(ProjectConfigurationPlatforms) = postSolution
		{ADB6FC1E-5DD4-4418-A0B7-B1E0A45A67BA}.Debug|Any CPU.ActiveCfg = Debug|Any CPU
		{ADB6FC1E-5DD4-4418-A0B7-B1E0A45A67BA}.Debug|Any CPU.Build.0 = Debug|Any CPU
		{ADB6FC1E-5DD4-4418-A0B7-B1E0A45A67BA}.Release|Any CPU.ActiveCfg = Release|Any CPU
		{ADB6FC1E-5DD4-4418-A0B7-B1E0A45A67BA}.Release|Any CPU.Build.0 = Release|Any CPU
	EndGlobalSection
	GlobalSection(SolutionProperties) = preSolution
		HideSolutionNode = FALSE
	EndGlobalSection
	GlobalSection(ExtensibilityGlobals) = postSolution
		SolutionGuid = {0C10CFCD-9A02-4C4B-9F0A-8EBE10939937}
	EndGlobalSection
EndGlobal
